
Microsoft Visual Studio Solution File, Format Version 12.00
# Visual Studio Version 16
VisualStudioVersion = 16.0.28407.52
MinimumVisualStudioVersion = 10.0.40219.1
Project("{2150E333-8FDC-42A3-9474-1A3956D46DE8}") = "src", "src", "{8DC98204-1686-458E-805B-28E1302B358D}"
EndProject
Project("{2150E333-8FDC-42A3-9474-1A3956D46DE8}") = "Services", "Services", "{0E3E0452-F627-46E1-9254-80093B364065}"
EndProject
Project("{2150E333-8FDC-42A3-9474-1A3956D46DE8}") = "Embedded", "Embedded", "{D79FD2AC-2920-4857-82BC-BCB6137BD795}"
EndProject
Project("{2150E333-8FDC-42A3-9474-1A3956D46DE8}") = "Embedded.FunctionalTests", "Embedded.FunctionalTests", "{15469EBD-A01F-4010-A1EC-F5A23A0BE63B}"
EndProject
Project("{2150E333-8FDC-42A3-9474-1A3956D46DE8}") = "Embedded.UnitTests", "Embedded.UnitTests", "{114B3A5E-CEFA-4C1D-B6BD-03E591F05018}"
EndProject
Project("{9A19103F-16F7-4668-BE54-9A1E7A4F7556}") = "Embedded.Api", "Embedded.Api\Embedded.Api.csproj", "{394EDC90-14EA-476D-AA6C-F715018BF179}"
EndProject
Project("{2150E333-8FDC-42A3-9474-1A3956D46DE8}") = "Identity", "Identity", "{51C09DB9-F4AC-437B-9A41-F53654596470}"
EndProject
Project("{9A19103F-16F7-4668-BE54-9A1E7A4F7556}") = "Identity.Api", "Identity.Api\Identity.Api.csproj", "{D6012936-210A-438D-BDBE-18BF98C5C6FF}"
EndProject
Project("{2150E333-8FDC-42A3-9474-1A3956D46DE8}") = "ApiGateways", "ApiGateways", "{DC74D1EE-AD8D-4A0C-BBA1-0314CA123F0D}"
EndProject
Project("{E53339B2-1760-4266-BCC7-CA923CBCF16C}") = "docker-compose", "docker-compose.dcproj", "{81C61878-71CC-42E9-A92B-AA6190861A92}"
EndProject
Project("{2150E333-8FDC-42A3-9474-1A3956D46DE8}") = "CustomerService", "CustomerService", "{55EE0958-C737-417C-90CF-7977A602A592}"
EndProject
Project("{9A19103F-16F7-4668-BE54-9A1E7A4F7556}") = "Customer.Api", "Customer.Api\Customer.Api.csproj", "{249312B0-9825-4303-9BBB-E3F31F36FAF0}"
EndProject
Global
	GlobalSection(SolutionConfigurationPlatforms) = preSolution
		Debug|Any CPU = Debug|Any CPU
		Release|Any CPU = Release|Any CPU
	EndGlobalSection
	GlobalSection(ProjectConfigurationPlatforms) = postSolution
		{394EDC90-14EA-476D-AA6C-F715018BF179}.Debug|Any CPU.ActiveCfg = Debug|Any CPU
		{394EDC90-14EA-476D-AA6C-F715018BF179}.Debug|Any CPU.Build.0 = Debug|Any CPU
		{394EDC90-14EA-476D-AA6C-F715018BF179}.Release|Any CPU.ActiveCfg = Release|Any CPU
		{394EDC90-14EA-476D-AA6C-F715018BF179}.Release|Any CPU.Build.0 = Release|Any CPU
		{D6012936-210A-438D-BDBE-18BF98C5C6FF}.Debug|Any CPU.ActiveCfg = Debug|Any CPU
		{D6012936-210A-438D-BDBE-18BF98C5C6FF}.Debug|Any CPU.Build.0 = Debug|Any CPU
		{D6012936-210A-438D-BDBE-18BF98C5C6FF}.Release|Any CPU.ActiveCfg = Release|Any CPU
		{D6012936-210A-438D-BDBE-18BF98C5C6FF}.Release|Any CPU.Build.0 = Release|Any CPU
		{81C61878-71CC-42E9-A92B-AA6190861A92}.Debug|Any CPU.ActiveCfg = Debug|Any CPU
		{81C61878-71CC-42E9-A92B-AA6190861A92}.Debug|Any CPU.Build.0 = Debug|Any CPU
		{81C61878-71CC-42E9-A92B-AA6190861A92}.Release|Any CPU.ActiveCfg = Release|Any CPU
		{81C61878-71CC-42E9-A92B-AA6190861A92}.Release|Any CPU.Build.0 = Release|Any CPU
		{249312B0-9825-4303-9BBB-E3F31F36FAF0}.Debug|Any CPU.ActiveCfg = Debug|Any CPU
		{249312B0-9825-4303-9BBB-E3F31F36FAF0}.Debug|Any CPU.Build.0 = Debug|Any CPU
		{249312B0-9825-4303-9BBB-E3F31F36FAF0}.Release|Any CPU.ActiveCfg = Release|Any CPU
		{249312B0-9825-4303-9BBB-E3F31F36FAF0}.Release|Any CPU.Build.0 = Release|Any CPU
	EndGlobalSection
	GlobalSection(SolutionProperties) = preSolution
		HideSolutionNode = FALSE
	EndGlobalSection
	GlobalSection(NestedProjects) = preSolution
		{0E3E0452-F627-46E1-9254-80093B364065} = {8DC98204-1686-458E-805B-28E1302B358D}
		{D79FD2AC-2920-4857-82BC-BCB6137BD795} = {0E3E0452-F627-46E1-9254-80093B364065}
		{15469EBD-A01F-4010-A1EC-F5A23A0BE63B} = {D79FD2AC-2920-4857-82BC-BCB6137BD795}
		{114B3A5E-CEFA-4C1D-B6BD-03E591F05018} = {D79FD2AC-2920-4857-82BC-BCB6137BD795}
		{394EDC90-14EA-476D-AA6C-F715018BF179} = {D79FD2AC-2920-4857-82BC-BCB6137BD795}
		{51C09DB9-F4AC-437B-9A41-F53654596470} = {0E3E0452-F627-46E1-9254-80093B364065}
		{D6012936-210A-438D-BDBE-18BF98C5C6FF} = {51C09DB9-F4AC-437B-9A41-F53654596470}
		{DC74D1EE-AD8D-4A0C-BBA1-0314CA123F0D} = {8DC98204-1686-458E-805B-28E1302B358D}
		{55EE0958-C737-417C-90CF-7977A602A592} = {0E3E0452-F627-46E1-9254-80093B364065}
		{249312B0-9825-4303-9BBB-E3F31F36FAF0} = {55EE0958-C737-417C-90CF-7977A602A592}
	EndGlobalSection
	GlobalSection(ExtensibilityGlobals) = postSolution
		SolutionGuid = {507897D2-F809-47CD-88A0-4C54FD88A40C}
	EndGlobalSection
EndGlobal
